
Microsoft Visual Studio Solution File, Format Version 12.00
# Visual Studio Version 16
VisualStudioVersion = 16.0.29503.13
MinimumVisualStudioVersion = 10.0.40219.1
Project("{FAE04EC0-301F-11D3-BF4B-00C04F79EFBC}") = "ZadatakTest", "ZadatakTest\ZadatakTest.csproj", "{B41C508B-D31A-4BCA-B6EB-54DB5D673ADB}"
EndProject
Global
	GlobalSection(SolutionConfigurationPlatforms) = preSolution
		Debug|Any CPU = Debug|Any CPU
		Release|Any CPU = Release|Any CPU
	EndGlobalSection
	GlobalSection(ProjectConfigurationPlatforms) = postSolution
		{B41C508B-D31A-4BCA-B6EB-54DB5D673ADB}.Debug|Any CPU.ActiveCfg = Debug|Any CPU
		{B41C508B-D31A-4BCA-B6EB-54DB5D673ADB}.Debug|Any CPU.Build.0 = Debug|Any CPU
		{B41C508B-D31A-4BCA-B6EB-54DB5D673ADB}.Release|Any CPU.ActiveCfg = Release|Any CPU
		{B41C508B-D31A-4BCA-B6EB-54DB5D673ADB}.Release|Any CPU.Build.0 = Release|Any CPU
	EndGlobalSection
	GlobalSection(SolutionProperties) = preSolution
		HideSolutionNode = FALSE
	EndGlobalSection
	GlobalSection(ExtensibilityGlobals) = postSolution
		SolutionGuid = {20B2DF85-8944-4816-9515-61D45FE7AB37}
	EndGlobalSection
EndGlobal
